{
  "name": "uta-course-calendar",
  "version": "1.0.0",
  "lockfileVersion": 1,
  "requires": true,
  "dependencies": {
    "dotenv": {
      "version": "4.0.0",
      "resolved": "https://registry.npmjs.org/dotenv/-/dotenv-4.0.0.tgz",
      "integrity": "sha1-hk7xN5rO1Vzm+V3r7NzhefegzR0="
    },
    "immutable": {
      "version": "3.8.2",
      "resolved": "https://registry.npmjs.org/immutable/-/immutable-3.8.2.tgz",
      "integrity": "sha1-wkOZUUVbs5kT2vKBN28VMOEErfM="
    },
    "immutable-ics": {
      "version": "0.4.0",
      "resolved": "https://registry.npmjs.org/immutable-ics/-/immutable-ics-0.4.0.tgz",
      "integrity": "sha1-hiGZs65wUkwm4Z+Q4JnfKpcFo8Y=",
      "requires": {
        "lodash.isdate": "4.0.1",
        "lodash.isfunction": "3.0.8",
        "lodash.isnull": "3.0.0",
        "lodash.isundefined": "3.0.1",
        "lodash.padstart": "4.6.1",
        "typed-immutable": "0.0.8"
      }
    },
    "lodash.isdate": {
      "version": "4.0.1",
      "resolved": "https://registry.npmjs.org/lodash.isdate/-/lodash.isdate-4.0.1.tgz",
      "integrity": "sha1-NaVDZzuddhEN5BFLMsxXcEin82Y="
    },
    "lodash.isfunction": {
      "version": "3.0.8",
      "resolved": "https://registry.npmjs.org/lodash.isfunction/-/lodash.isfunction-3.0.8.tgz",
      "integrity": "sha1-TbcJ/IG8So/XEnpFilNGxc3OLGs="
    },
    "lodash.isnull": {
      "version": "3.0.0",
      "resolved": "https://registry.npmjs.org/lodash.isnull/-/lodash.isnull-3.0.0.tgz",
      "integrity": "sha1-+vvlnqHcon7teGU0A53YTC4HxW4="
    },
    "lodash.isundefined": {
      "version": "3.0.1",
      "resolved": "https://registry.npmjs.org/lodash.isundefined/-/lodash.isundefined-3.0.1.tgz",
      "integrity": "sha1-I+89lTVWUgOmbO/VuDD4SJEa+0g="
    },
    "lodash.padstart": {
      "version": "4.6.1",
      "resolved": "https://registry.npmjs.org/lodash.padstart/-/lodash.padstart-4.6.1.tgz",
      "integrity": "sha1-0uPuv/DZ05rVD1y9G1KnvOa7YRs="
    },
    "typed-immutable": {
      "version": "0.0.8",
      "resolved": "https://registry.npmjs.org/typed-immutable/-/typed-immutable-0.0.8.tgz",
      "integrity": "sha1-16rnvAbBoYlrWh6d/MuAWU6YmfA=",
      "requires": {
        "immutable": "3.8.2"
      }
    }
  }
}
